{
  "name": "task-logic",
  "version": "1.0.0",
  "lockfileVersion": 1,
  "requires": true,
  "dependencies": {
    "task-data": {
      "version": "file:../task-data",
      "requires": {
        "uuid": "3.2.1"
      },
      "dependencies": {
        "uuid": {
          "version": "3.2.1",
          "bundled": true
        }
      }
    }
  }
}
